
Microsoft Visual Studio Solution File, Format Version 12.00
# Visual Studio Version 16
VisualStudioVersion = 16.0.29215.179
MinimumVisualStudioVersion = 10.0.40219.1
Project("{FAE04EC0-301F-11D3-BF4B-00C04F79EFBC}") = "USSF", "USSF\USSF.csproj", "{9E3C5684-B2C0-4006-9F6A-F1E89B728392}"
EndProject
Global
	GlobalSection(SolutionConfigurationPlatforms) = preSolution
		Debug|Any CPU = Debug|Any CPU
		Release|Any CPU = Release|Any CPU
	EndGlobalSection
	GlobalSection(ProjectConfigurationPlatforms) = postSolution
		{9E3C5684-B2C0-4006-9F6A-F1E89B728392}.Debug|Any CPU.ActiveCfg = Debug|Any CPU
		{9E3C5684-B2C0-4006-9F6A-F1E89B728392}.Debug|Any CPU.Build.0 = Debug|Any CPU
		{9E3C5684-B2C0-4006-9F6A-F1E89B728392}.Release|Any CPU.ActiveCfg = Release|Any CPU
		{9E3C5684-B2C0-4006-9F6A-F1E89B728392}.Release|Any CPU.Build.0 = Release|Any CPU
	EndGlobalSection
	GlobalSection(SolutionProperties) = preSolution
		HideSolutionNode = FALSE
	EndGlobalSection
	GlobalSection(ExtensibilityGlobals) = postSolution
		SolutionGuid = {3E6215B6-089D-4DF0-A889-11C139E42F29}
	EndGlobalSection
EndGlobal
